
Microsoft Visual Studio Solution File, Format Version 12.00
# Visual Studio Version 17
VisualStudioVersion = 17.1.32421.90
MinimumVisualStudioVersion = 10.0.40219.1
Project("{8BC9CEB8-8B4A-11D0-8D11-00A0C91BC942}") = "Project25", "Project25\Project25.vcxproj", "{F79FE9CC-F1D5-4C80-9948-D9A5680F899C}"
EndProject
Global
	GlobalSection(SolutionConfigurationPlatforms) = preSolution
		Debug|x64 = Debug|x64
		Debug|x86 = Debug|x86
		Release|x64 = Release|x64
		Release|x86 = Release|x86
	EndGlobalSection
	GlobalSection(ProjectConfigurationPlatforms) = postSolution
		{F79FE9CC-F1D5-4C80-9948-D9A5680F899C}.Debug|x64.ActiveCfg = Debug|x64
		{F79FE9CC-F1D5-4C80-9948-D9A5680F899C}.Debug|x64.Build.0 = Debug|x64
		{F79FE9CC-F1D5-4C80-9948-D9A5680F899C}.Debug|x86.ActiveCfg = Debug|Win32
		{F79FE9CC-F1D5-4C80-9948-D9A5680F899C}.Debug|x86.Build.0 = Debug|Win32
		{F79FE9CC-F1D5-4C80-9948-D9A5680F899C}.Release|x64.ActiveCfg = Release|x64
		{F79FE9CC-F1D5-4C80-9948-D9A5680F899C}.Release|x64.Build.0 = Release|x64
		{F79FE9CC-F1D5-4C80-9948-D9A5680F899C}.Release|x86.ActiveCfg = Release|Win32
		{F79FE9CC-F1D5-4C80-9948-D9A5680F899C}.Release|x86.Build.0 = Release|Win32
	EndGlobalSection
	GlobalSection(SolutionProperties) = preSolution
		HideSolutionNode = FALSE
	EndGlobalSection
	GlobalSection(ExtensibilityGlobals) = postSolution
		SolutionGuid = {E2350141-DAC1-451A-B94A-04DC2C9BD4AB}
	EndGlobalSection
EndGlobal
